// !$*UTF8*$!
{
	archiveVersion = 1;
	classes = {
	};
	objectVersion = 56;
	objects = {

/* Begin PBXBuildFile section */
		D91EC018293B313400710122 /* AppDelegate.swift in Sources */ = {isa = PBXBuildFile; fileRef = D91EC017293B313400710122 /* AppDelegate.swift */; };
		D91EC01A293B313400710122 /* SceneDelegate.swift in Sources */ = {isa = PBXBuildFile; fileRef = D91EC019293B313400710122 /* SceneDelegate.swift */; };
		D91EC01C293B313400710122 /* RootViewController.swift in Sources */ = {isa = PBXBuildFile; fileRef = D91EC01B293B313400710122 /* RootViewController.swift */; };
		D91EC01F293B313400710122 /* Main.storyboard in Resources */ = {isa = PBXBuildFile; fileRef = D91EC01D293B313400710122 /* Main.storyboard */; };
		D91EC021293B313500710122 /* Assets.xcassets in Resources */ = {isa = PBXBuildFile; fileRef = D91EC020293B313500710122 /* Assets.xcassets */; };
		D91EC024293B313500710122 /* LaunchScreen.storyboard in Resources */ = {isa = PBXBuildFile; fileRef = D91EC022293B313500710122 /* LaunchScreen.storyboard */; };
		D91EC032293B3D8600710122 /* DayViewController.swift in Sources */ = {isa = PBXBuildFile; fileRef = D91EC031293B3D8600710122 /* DayViewController.swift */; };
		D91EC035293B3F1A00710122 /* WeakViewController.swift in Sources */ = {isa = PBXBuildFile; fileRef = D91EC034293B3F1A00710122 /* WeakViewController.swift */; };
		D91EC038293B48DE00710122 /* UIViewController.swift in Sources */ = {isa = PBXBuildFile; fileRef = D91EC037293B48DE00710122 /* UIViewController.swift */; };
		D91EC03A293B4B5D00710122 /* UIStoryboard.swift in Sources */ = {isa = PBXBuildFile; fileRef = D91EC039293B4B5D00710122 /* UIStoryboard.swift */; };
		D9A57FDE293CCA3500834310 /* WeatherRequest.swift in Sources */ = {isa = PBXBuildFile; fileRef = D9A57FDD293CCA3500834310 /* WeatherRequest.swift */; };
		D9A57FE1293CD6EF00834310 /* Configuration.swift in Sources */ = {isa = PBXBuildFile; fileRef = D9A57FE0293CD6EF00834310 /* Configuration.swift */; };
/* End PBXBuildFile section */

/* Begin PBXFileReference section */
		D91EC014293B313400710122 /* RainStorm.app */ = {isa = PBXFileReference; explicitFileType = wrapper.application; includeInIndex = 0; path = RainStorm.app; sourceTree = BUILT_PRODUCTS_DIR; };
		D91EC017293B313400710122 /* AppDelegate.swift */ = {isa = PBXFileReference; lastKnownFileType = sourcecode.swift; path = AppDelegate.swift; sourceTree = "<group>"; };
		D91EC019293B313400710122 /* SceneDelegate.swift */ = {isa = PBXFileReference; lastKnownFileType = sourcecode.swift; path = SceneDelegate.swift; sourceTree = "<group>"; };
		D91EC01B293B313400710122 /* RootViewController.swift */ = {isa = PBXFileReference; lastKnownFileType = sourcecode.swift; path = RootViewController.swift; sourceTree = "<group>"; };
		D91EC01E293B313400710122 /* Base */ = {isa = PBXFileReference; lastKnownFileType = file.storyboard; name = Base; path = Base.lproj/Main.storyboard; sourceTree = "<group>"; };
		D91EC020293B313500710122 /* Assets.xcassets */ = {isa = PBXFileReference; lastKnownFileType = folder.assetcatalog; path = Assets.xcassets; sourceTree = "<group>"; };
		D91EC023293B313500710122 /* Base */ = {isa = PBXFileReference; lastKnownFileType = file.storyboard; name = Base; path = Base.lproj/LaunchScreen.storyboard; sourceTree = "<group>"; };
		D91EC025293B313500710122 /* Info.plist */ = {isa = PBXFileReference; lastKnownFileType = text.plist.xml; path = Info.plist; sourceTree = "<group>"; };
		D91EC031293B3D8600710122 /* DayViewController.swift */ = {isa = PBXFileReference; lastKnownFileType = sourcecode.swift; path = DayViewController.swift; sourceTree = "<group>"; };
		D91EC034293B3F1A00710122 /* WeakViewController.swift */ = {isa = PBXFileReference; lastKnownFileType = sourcecode.swift; path = WeakViewController.swift; sourceTree = "<group>"; };
		D91EC037293B48DE00710122 /* UIViewController.swift */ = {isa = PBXFileReference; lastKnownFileType = sourcecode.swift; path = UIViewController.swift; sourceTree = "<group>"; };
		D91EC039293B4B5D00710122 /* UIStoryboard.swift */ = {isa = PBXFileReference; lastKnownFileType = sourcecode.swift; path = UIStoryboard.swift; sourceTree = "<group>"; };
		D9A57FDD293CCA3500834310 /* WeatherRequest.swift */ = {isa = PBXFileReference; lastKnownFileType = sourcecode.swift; path = WeatherRequest.swift; sourceTree = "<group>"; };
		D9A57FE0293CD6EF00834310 /* Configuration.swift */ = {isa = PBXFileReference; lastKnownFileType = sourcecode.swift; path = Configuration.swift; sourceTree = "<group>"; };
/* End PBXFileReference section */

/* Begin PBXFrameworksBuildPhase section */
		D91EC011293B313400710122 /* Frameworks */ = {
			isa = PBXFrameworksBuildPhase;
			buildActionMask = 2147483647;
			files = (
			);
			runOnlyForDeploymentPostprocessing = 0;
		};
/* End PBXFrameworksBuildPhase section */

/* Begin PBXGroup section */
		D91EC00B293B313400710122 = {
			isa = PBXGroup;
			children = (
				D91EC016293B313400710122 /* RainStorm */,
				D91EC015293B313400710122 /* Products */,
			);
			sourceTree = "<group>";
		};
		D91EC015293B313400710122 /* Products */ = {
			isa = PBXGroup;
			children = (
				D91EC014293B313400710122 /* RainStorm.app */,
			);
			name = Products;
			sourceTree = "<group>";
		};
		D91EC016293B313400710122 /* RainStorm */ = {
			isa = PBXGroup;
			children = (
				D9A57FDF293CD6DB00834310 /* Configuration */,
				D9A57FDC293CC9EE00834310 /* Models */,
				D91EC036293B48C600710122 /* Extensions */,
				D91EC02D293B3ACF00710122 /* Resources */,
				D91EC02C293B3A9100710122 /* View Controllers */,
				D91EC02B293B333E00710122 /* App Delegate */,
				D91EC01D293B313400710122 /* Main.storyboard */,
				D91EC022293B313500710122 /* LaunchScreen.storyboard */,
				D91EC025293B313500710122 /* Info.plist */,
			);
			path = RainStorm;
			sourceTree = "<group>";
		};
		D91EC02B293B333E00710122 /* App Delegate */ = {
			isa = PBXGroup;
			children = (
				D91EC019293B313400710122 /* SceneDelegate.swift */,
				D91EC017293B313400710122 /* AppDelegate.swift */,
			);
			path = "App Delegate";
			sourceTree = "<group>";
		};
		D91EC02C293B3A9100710122 /* View Controllers */ = {
			isa = PBXGroup;
			children = (
				D91EC02F293B3BDC00710122 /* Weather View Controllers */,
				D91EC02E293B3BCB00710122 /* Root View Controller */,
			);
			path = "View Controllers";
			sourceTree = "<group>";
		};
		D91EC02D293B3ACF00710122 /* Resources */ = {
			isa = PBXGroup;
			children = (
				D91EC020293B313500710122 /* Assets.xcassets */,
			);
			path = Resources;
			sourceTree = "<group>";
		};
		D91EC02E293B3BCB00710122 /* Root View Controller */ = {
			isa = PBXGroup;
			children = (
				D91EC01B293B313400710122 /* RootViewController.swift */,
			);
			path = "Root View Controller";
			sourceTree = "<group>";
		};
		D91EC02F293B3BDC00710122 /* Weather View Controllers */ = {
			isa = PBXGroup;
			children = (
				D91EC033293B3EED00710122 /* Weak View Controller */,
				D91EC030293B3C4700710122 /* Day View Controller */,
			);
			path = "Weather View Controllers";
			sourceTree = "<group>";
		};
		D91EC030293B3C4700710122 /* Day View Controller */ = {
			isa = PBXGroup;
			children = (
				D91EC031293B3D8600710122 /* DayViewController.swift */,
			);
			path = "Day View Controller";
			sourceTree = "<group>";
		};
		D91EC033293B3EED00710122 /* Weak View Controller */ = {
			isa = PBXGroup;
			children = (
				D91EC034293B3F1A00710122 /* WeakViewController.swift */,
			);
			path = "Weak View Controller";
			sourceTree = "<group>";
		};
		D91EC036293B48C600710122 /* Extensions */ = {
			isa = PBXGroup;
			children = (
				D91EC037293B48DE00710122 /* UIViewController.swift */,
				D91EC039293B4B5D00710122 /* UIStoryboard.swift */,
			);
			path = Extensions;
			sourceTree = "<group>";
		};
		D9A57FDC293CC9EE00834310 /* Models */ = {
			isa = PBXGroup;
			children = (
				D9A57FDD293CCA3500834310 /* WeatherRequest.swift */,
			);
			path = Models;
			sourceTree = "<group>";
		};
		D9A57FDF293CD6DB00834310 /* Configuration */ = {
			isa = PBXGroup;
			children = (
				D9A57FE0293CD6EF00834310 /* Configuration.swift */,
			);
			path = Configuration;
			sourceTree = "<group>";
		};
/* End PBXGroup section */

/* Begin PBXNativeTarget section */
		D91EC013293B313400710122 /* RainStorm */ = {
			isa = PBXNativeTarget;
			buildConfigurationList = D91EC028293B313500710122 /* Build configuration list for PBXNativeTarget "RainStorm" */;
			buildPhases = (
				D91EC010293B313400710122 /* Sources */,
				D91EC011293B313400710122 /* Frameworks */,
				D91EC012293B313400710122 /* Resources */,
			);
			buildRules = (
			);
			dependencies = (
			);
			name = RainStorm;
			productName = RainStorm;
			productReference = D91EC014293B313400710122 /* RainStorm.app */;
			productType = "com.apple.product-type.application";
		};
/* End PBXNativeTarget section */

/* Begin PBXProject section */
		D91EC00C293B313400710122 /* Project object */ = {
			isa = PBXProject;
			attributes = {
				BuildIndependentTargetsInParallel = 1;
				LastSwiftUpdateCheck = 1410;
				LastUpgradeCheck = 1410;
				TargetAttributes = {
					D91EC013293B313400710122 = {
						CreatedOnToolsVersion = 14.1;
					};
				};
			};
			buildConfigurationList = D91EC00F293B313400710122 /* Build configuration list for PBXProject "RainStorm" */;
			compatibilityVersion = "Xcode 14.0";
			developmentRegion = en;
			hasScannedForEncodings = 0;
			knownRegions = (
				en,
				Base,
			);
			mainGroup = D91EC00B293B313400710122;
			productRefGroup = D91EC015293B313400710122 /* Products */;
			projectDirPath = "";
			projectRoot = "";
			targets = (
				D91EC013293B313400710122 /* RainStorm */,
			);
		};
/* End PBXProject section */

/* Begin PBXResourcesBuildPhase section */
		D91EC012293B313400710122 /* Resources */ = {
			isa = PBXResourcesBuildPhase;
			buildActionMask = 2147483647;
			files = (
				D91EC024293B313500710122 /* LaunchScreen.storyboard in Resources */,
				D91EC021293B313500710122 /* Assets.xcassets in Resources */,
				D91EC01F293B313400710122 /* Main.storyboard in Resources */,
			);
			runOnlyForDeploymentPostprocessing = 0;
		};
/* End PBXResourcesBuildPhase section */

/* Begin PBXSourcesBuildPhase section */
		D91EC010293B313400710122 /* Sources */ = {
			isa = PBXSourcesBuildPhase;
			buildActionMask = 2147483647;
			files = (
				D9A57FDE293CCA3500834310 /* WeatherRequest.swift in Sources */,
				D91EC01C293B313400710122 /* RootViewController.swift in Sources */,
				D91EC018293B313400710122 /* AppDelegate.swift in Sources */,
				D9A57FE1293CD6EF00834310 /* Configuration.swift in Sources */,
				D91EC038293B48DE00710122 /* UIViewController.swift in Sources */,
				D91EC01A293B313400710122 /* SceneDelegate.swift in Sources */,
				D91EC035293B3F1A00710122 /* WeakViewController.swift in Sources */,
				D91EC032293B3D8600710122 /* DayViewController.swift in Sources */,
				D91EC03A293B4B5D00710122 /* UIStoryboard.swift in Sources */,
			);
			runOnlyForDeploymentPostprocessing = 0;
		};
/* End PBXSourcesBuildPhase section */

/* Begin PBXVariantGroup section */
		D91EC01D293B313400710122 /* Main.storyboard */ = {
			isa = PBXVariantGroup;
			children = (
				D91EC01E293B313400710122 /* Base */,
			);
			name = Main.storyboard;
			sourceTree = "<group>";
		};
		D91EC022293B313500710122 /* LaunchScreen.storyboard */ = {
			isa = PBXVariantGroup;
			children = (
				D91EC023293B313500710122 /* Base */,
			);
			name = LaunchScreen.storyboard;
			sourceTree = "<group>";
		};
/* End PBXVariantGroup section */

/* Begin XCBuildConfiguration section */
		D91EC026293B313500710122 /* Debug */ = {
			isa = XCBuildConfiguration;
			buildSettings = {
				ALWAYS_SEARCH_USER_PATHS = NO;
				CLANG_ANALYZER_NONNULL = YES;
				CLANG_ANALYZER_NUMBER_OBJECT_CONVERSION = YES_AGGRESSIVE;
				CLANG_CXX_LANGUAGE_STANDARD = "gnu++20";
				CLANG_ENABLE_MODULES = YES;
				CLANG_ENABLE_OBJC_ARC = YES;
				CLANG_ENABLE_OBJC_WEAK = YES;
				CLANG_WARN_BLOCK_CAPTURE_AUTORELEASING = YES;
				CLANG_WARN_BOOL_CONVERSION = YES;
				CLANG_WARN_COMMA = YES;
				CLANG_WARN_CONSTANT_CONVERSION = YES;
				CLANG_WARN_DEPRECATED_OBJC_IMPLEMENTATIONS = YES;
				CLANG_WARN_DIRECT_OBJC_ISA_USAGE = YES_ERROR;
				CLANG_WARN_DOCUMENTATION_COMMENTS = YES;
				CLANG_WARN_EMPTY_BODY = YES;
				CLANG_WARN_ENUM_CONVERSION = YES;
				CLANG_WARN_INFINITE_RECURSION = YES;
				CLANG_WARN_INT_CONVERSION = YES;
				CLANG_WARN_NON_LITERAL_NULL_CONVERSION = YES;
				CLANG_WARN_OBJC_IMPLICIT_RETAIN_SELF = YES;
				CLANG_WARN_OBJC_LITERAL_CONVERSION = YES;
				CLANG_WARN_OBJC_ROOT_CLASS = YES_ERROR;
				CLANG_WARN_QUOTED_INCLUDE_IN_FRAMEWORK_HEADER = YES;
				CLANG_WARN_RANGE_LOOP_ANALYSIS = YES;
				CLANG_WARN_STRICT_PROTOTYPES = YES;
				CLANG_WARN_SUSPICIOUS_MOVE = YES;
				CLANG_WARN_UNGUARDED_AVAILABILITY = YES_AGGRESSIVE;
				CLANG_WARN_UNREACHABLE_CODE = YES;
				CLANG_WARN__DUPLICATE_METHOD_MATCH = YES;
				COPY_PHASE_STRIP = NO;
				DEBUG_INFORMATION_FORMAT = dwarf;
				ENABLE_STRICT_OBJC_MSGSEND = YES;
				ENABLE_TESTABILITY = YES;
				GCC_C_LANGUAGE_STANDARD = gnu11;
				GCC_DYNAMIC_NO_PIC = NO;
				GCC_NO_COMMON_BLOCKS = YES;
				GCC_OPTIMIZATION_LEVEL = 0;
				GCC_PREPROCESSOR_DEFINITIONS = (
					"DEBUG=1",
					"$(inherited)",
				);
				GCC_WARN_64_TO_32_BIT_CONVERSION = YES;
				GCC_WARN_ABOUT_RETURN_TYPE = YES_ERROR;
				GCC_WARN_UNDECLARED_SELECTOR = YES;
				GCC_WARN_UNINITIALIZED_AUTOS = YES_AGGRESSIVE;
				GCC_WARN_UNUSED_FUNCTION = YES;
				GCC_WARN_UNUSED_VARIABLE = YES;
				IPHONEOS_DEPLOYMENT_TARGET = 16.1;
				MTL_ENABLE_DEBUG_INFO = INCLUDE_SOURCE;
				MTL_FAST_MATH = YES;
				ONLY_ACTIVE_ARCH = YES;
				SDKROOT = iphoneos;
				SWIFT_ACTIVE_COMPILATION_CONDITIONS = DEBUG;
				SWIFT_OPTIMIZATION_LEVEL = "-Onone";
			};
			name = Debug;
		};
		D91EC027293B313500710122 /* Release */ = {
			isa = XCBuildConfiguration;
			buildSettings = {
				ALWAYS_SEARCH_USER_PATHS = NO;
				CLANG_ANALYZER_NONNULL = YES;
				CLANG_ANALYZER_NUMBER_OBJECT_CONVERSION = YES_AGGRESSIVE;
				CLANG_CXX_LANGUAGE_STANDARD = "gnu++20";
				CLANG_ENABLE_MODULES = YES;
				CLANG_ENABLE_OBJC_ARC = YES;
				CLANG_ENABLE_OBJC_WEAK = YES;
				CLANG_WARN_BLOCK_CAPTURE_AUTORELEASING = YES;
				CLANG_WARN_BOOL_CONVERSION = YES;
				CLANG_WARN_COMMA = YES;
				CLANG_WARN_CONSTANT_CONVERSION = YES;
				CLANG_WARN_DEPRECATED_OBJC_IMPLEMENTATIONS = YES;
				CLANG_WARN_DIRECT_OBJC_ISA_USAGE = YES_ERROR;
				CLANG_WARN_DOCUMENTATION_COMMENTS = YES;
				CLANG_WARN_EMPTY_BODY = YES;
				CLANG_WARN_ENUM_CONVERSION = YES;
				CLANG_WARN_INFINITE_RECURSION = YES;
				CLANG_WARN_INT_CONVERSION = YES;
				CLANG_WARN_NON_LITERAL_NULL_CONVERSION = YES;
				CLANG_WARN_OBJC_IMPLICIT_RETAIN_SELF = YES;
				CLANG_WARN_OBJC_LITERAL_CONVERSION = YES;
				CLANG_WARN_OBJC_ROOT_CLASS = YES_ERROR;
				CLANG_WARN_QUOTED_INCLUDE_IN_FRAMEWORK_HEADER = YES;
				CLANG_WARN_RANGE_LOOP_ANALYSIS = YES;
				CLANG_WARN_STRICT_PROTOTYPES = YES;
				CLANG_WARN_SUSPICIOUS_MOVE = YES;
				CLANG_WARN_UNGUARDED_AVAILABILITY = YES_AGGRESSIVE;
				CLANG_WARN_UNREACHABLE_CODE = YES;
				CLANG_WARN__DUPLICATE_METHOD_MATCH = YES;
				COPY_PHASE_STRIP = NO;
				DEBUG_INFORMATION_FORMAT = "dwarf-with-dsym";
				ENABLE_NS_ASSERTIONS = NO;
				ENABLE_STRICT_OBJC_MSGSEND = YES;
				GCC_C_LANGUAGE_STANDARD = gnu11;
				GCC_NO_COMMON_BLOCKS = YES;
				GCC_WARN_64_TO_32_BIT_CONVERSION = YES;
				GCC_WARN_ABOUT_RETURN_TYPE = YES_ERROR;
				GCC_WARN_UNDECLARED_SELECTOR = YES;
				GCC_WARN_UNINITIALIZED_AUTOS = YES_AGGRESSIVE;
				GCC_WARN_UNUSED_FUNCTION = YES;
				GCC_WARN_UNUSED_VARIABLE = YES;
				IPHONEOS_DEPLOYMENT_TARGET = 16.1;
				MTL_ENABLE_DEBUG_INFO = NO;
				MTL_FAST_MATH = YES;
				SDKROOT = iphoneos;
				SWIFT_COMPILATION_MODE = wholemodule;
				SWIFT_OPTIMIZATION_LEVEL = "-O";
				VALIDATE_PRODUCT = YES;
			};
			name = Release;
		};
		D91EC029293B313500710122 /* Debug */ = {
			isa = XCBuildConfiguration;
			buildSettings = {
				ASSETCATALOG_COMPILER_APPICON_NAME = AppIcon;
				ASSETCATALOG_COMPILER_GLOBAL_ACCENT_COLOR_NAME = AccentColor;
				CODE_SIGN_STYLE = Automatic;
				CURRENT_PROJECT_VERSION = 1;
				GENERATE_INFOPLIST_FILE = YES;
				INFOPLIST_FILE = RainStorm/Info.plist;
				INFOPLIST_KEY_UIApplicationSupportsIndirectInputEvents = YES;
				INFOPLIST_KEY_UILaunchStoryboardName = LaunchScreen;
				INFOPLIST_KEY_UIMainStoryboardFile = Main;
				INFOPLIST_KEY_UISupportedInterfaceOrientations_iPad = "UIInterfaceOrientationPortrait UIInterfaceOrientationPortraitUpsideDown UIInterfaceOrientationLandscapeLeft UIInterfaceOrientationLandscapeRight";
				INFOPLIST_KEY_UISupportedInterfaceOrientations_iPhone = "UIInterfaceOrientationPortrait UIInterfaceOrientationLandscapeLeft UIInterfaceOrientationLandscapeRight";
				LD_RUNPATH_SEARCH_PATHS = (
					"$(inherited)",
					"@executable_path/Frameworks",
				);
				MARKETING_VERSION = 1.0;
				PRODUCT_BUNDLE_IDENTIFIER = com.test.RainStorm;
				PRODUCT_NAME = "$(TARGET_NAME)";
				SWIFT_EMIT_LOC_STRINGS = YES;
				SWIFT_VERSION = 5.0;
				TARGETED_DEVICE_FAMILY = "1,2";
			};
			name = Debug;
		};
		D91EC02A293B313500710122 /* Release */ = {
			isa = XCBuildConfiguration;
			buildSettings = {
				ASSETCATALOG_COMPILER_APPICON_NAME = AppIcon;
				ASSETCATALOG_COMPILER_GLOBAL_ACCENT_COLOR_NAME = AccentColor;
				CODE_SIGN_STYLE = Automatic;
				CURRENT_PROJECT_VERSION = 1;
				GENERATE_INFOPLIST_FILE = YES;
				INFOPLIST_FILE = RainStorm/Info.plist;
				INFOPLIST_KEY_UIApplicationSupportsIndirectInputEvents = YES;
				INFOPLIST_KEY_UILaunchStoryboardName = LaunchScreen;
				INFOPLIST_KEY_UIMainStoryboardFile = Main;
				INFOPLIST_KEY_UISupportedInterfaceOrientations_iPad = "UIInterfaceOrientationPortrait UIInterfaceOrientationPortraitUpsideDown UIInterfaceOrientationLandscapeLeft UIInterfaceOrientationLandscapeRight";
				INFOPLIST_KEY_UISupportedInterfaceOrientations_iPhone = "UIInterfaceOrientationPortrait UIInterfaceOrientationLandscapeLeft UIInterfaceOrientationLandscapeRight";
				LD_RUNPATH_SEARCH_PATHS = (
					"$(inherited)",
					"@executable_path/Frameworks",
				);
				MARKETING_VERSION = 1.0;
				PRODUCT_BUNDLE_IDENTIFIER = com.test.RainStorm;
				PRODUCT_NAME = "$(TARGET_NAME)";
				SWIFT_EMIT_LOC_STRINGS = YES;
				SWIFT_VERSION = 5.0;
				TARGETED_DEVICE_FAMILY = "1,2";
			};
			name = Release;
		};
/* End XCBuildConfiguration section */

/* Begin XCConfigurationList section */
		D91EC00F293B313400710122 /* Build configuration list for PBXProject "RainStorm" */ = {
			isa = XCConfigurationList;
			buildConfigurations = (
				D91EC026293B313500710122 /* Debug */,
				D91EC027293B313500710122 /* Release */,
			);
			defaultConfigurationIsVisible = 0;
			defaultConfigurationName = Release;
		};
		D91EC028293B313500710122 /* Build configuration list for PBXNativeTarget "RainStorm" */ = {
			isa = XCConfigurationList;
			buildConfigurations = (
				D91EC029293B313500710122 /* Debug */,
				D91EC02A293B313500710122 /* Release */,
			);
			defaultConfigurationIsVisible = 0;
			defaultConfigurationName = Release;
		};
/* End XCConfigurationList section */
	};
	rootObject = D91EC00C293B313400710122 /* Project object */;
}
